
Microsoft Visual Studio Solution File, Format Version 12.00
# Visual Studio Version 16
VisualStudioVersion = 16.0.29306.81
MinimumVisualStudioVersion = 10.0.40219.1
Project("{F184B08F-C81C-45F6-A57F-5ABD9991F28F}") = "M5Project", "M5Project\M5Project.vbproj", "{FF06EEA9-F199-44CE-8F9E-E8D17CAD931A}"
EndProject
Global
	GlobalSection(SolutionConfigurationPlatforms) = preSolution
		Debug|Any CPU = Debug|Any CPU
		Release|Any CPU = Release|Any CPU
	EndGlobalSection
	GlobalSection(ProjectConfigurationPlatforms) = postSolution
		{FF06EEA9-F199-44CE-8F9E-E8D17CAD931A}.Debug|Any CPU.ActiveCfg = Debug|Any CPU
		{FF06EEA9-F199-44CE-8F9E-E8D17CAD931A}.Debug|Any CPU.Build.0 = Debug|Any CPU
		{FF06EEA9-F199-44CE-8F9E-E8D17CAD931A}.Release|Any CPU.ActiveCfg = Release|Any CPU
		{FF06EEA9-F199-44CE-8F9E-E8D17CAD931A}.Release|Any CPU.Build.0 = Release|Any CPU
	EndGlobalSection
	GlobalSection(SolutionProperties) = preSolution
		HideSolutionNode = FALSE
	EndGlobalSection
	GlobalSection(ExtensibilityGlobals) = postSolution
		SolutionGuid = {17F0AE97-40B9-4194-8072-3A9A1BF26FF6}
	EndGlobalSection
EndGlobal
